
Microsoft Visual Studio Solution File, Format Version 12.00
# Visual Studio 14
VisualStudioVersion = 14.0.25420.1
MinimumVisualStudioVersion = 10.0.40219.1
Project("{FAE04EC0-301F-11D3-BF4B-00C04F79EFBC}") = "UserCrudExample", "UserCrudExample\UserCrudExample.csproj", "{BEA9A2CD-7454-4862-BDE5-AA8B714BE6DA}"
EndProject
Project("{FAE04EC0-301F-11D3-BF4B-00C04F79EFBC}") = "UserCrudExample.Tests", "UserCrudExample.Tests\UserCrudExample.Tests.csproj", "{1B086FC1-17A8-427F-AE64-05080A30D5C6}"
EndProject
Project("{FAE04EC0-301F-11D3-BF4B-00C04F79EFBC}") = "UserCrudExample.Model", "UserCrudExample.Model\UserCrudExample.Model.csproj", "{F18C1A8E-749D-4F94-A8F8-24AF256926B0}"
EndProject
Project("{FAE04EC0-301F-11D3-BF4B-00C04F79EFBC}") = "UserCrudExample.Repositories", "UserCrudExample.Operations\UserCrudExample.Repositories.csproj", "{A357A5FC-7937-42FE-A208-83C12D98CD7F}"
EndProject
Global
	GlobalSection(SolutionConfigurationPlatforms) = preSolution
		Debug|Any CPU = Debug|Any CPU
		Release|Any CPU = Release|Any CPU
	EndGlobalSection
	GlobalSection(ProjectConfigurationPlatforms) = postSolution
		{BEA9A2CD-7454-4862-BDE5-AA8B714BE6DA}.Debug|Any CPU.ActiveCfg = Debug|Any CPU
		{BEA9A2CD-7454-4862-BDE5-AA8B714BE6DA}.Debug|Any CPU.Build.0 = Debug|Any CPU
		{BEA9A2CD-7454-4862-BDE5-AA8B714BE6DA}.Release|Any CPU.ActiveCfg = Release|Any CPU
		{BEA9A2CD-7454-4862-BDE5-AA8B714BE6DA}.Release|Any CPU.Build.0 = Release|Any CPU
		{1B086FC1-17A8-427F-AE64-05080A30D5C6}.Debug|Any CPU.ActiveCfg = Debug|Any CPU
		{1B086FC1-17A8-427F-AE64-05080A30D5C6}.Debug|Any CPU.Build.0 = Debug|Any CPU
		{1B086FC1-17A8-427F-AE64-05080A30D5C6}.Release|Any CPU.ActiveCfg = Release|Any CPU
		{1B086FC1-17A8-427F-AE64-05080A30D5C6}.Release|Any CPU.Build.0 = Release|Any CPU
		{F18C1A8E-749D-4F94-A8F8-24AF256926B0}.Debug|Any CPU.ActiveCfg = Debug|Any CPU
		{F18C1A8E-749D-4F94-A8F8-24AF256926B0}.Debug|Any CPU.Build.0 = Debug|Any CPU
		{F18C1A8E-749D-4F94-A8F8-24AF256926B0}.Release|Any CPU.ActiveCfg = Release|Any CPU
		{F18C1A8E-749D-4F94-A8F8-24AF256926B0}.Release|Any CPU.Build.0 = Release|Any CPU
		{A357A5FC-7937-42FE-A208-83C12D98CD7F}.Debug|Any CPU.ActiveCfg = Debug|Any CPU
		{A357A5FC-7937-42FE-A208-83C12D98CD7F}.Debug|Any CPU.Build.0 = Debug|Any CPU
		{A357A5FC-7937-42FE-A208-83C12D98CD7F}.Release|Any CPU.ActiveCfg = Release|Any CPU
		{A357A5FC-7937-42FE-A208-83C12D98CD7F}.Release|Any CPU.Build.0 = Release|Any CPU
	EndGlobalSection
	GlobalSection(SolutionProperties) = preSolution
		HideSolutionNode = FALSE
	EndGlobalSection
EndGlobal
